
Microsoft Visual Studio Solution File, Format Version 12.00
# Visual Studio Version 17
VisualStudioVersion = 17.2.32602.215
MinimumVisualStudioVersion = 10.0.40219.1
Project("{FAE04EC0-301F-11D3-BF4B-00C04F79EFBC}") = "CustomerApi", "CustomerApi\CustomerApi.csproj", "{C5ABC7F2-FBD2-41AA-9E5C-349D807F82F1}"
EndProject
Global
	GlobalSection(SolutionConfigurationPlatforms) = preSolution
		Debug|Any CPU = Debug|Any CPU
		Release|Any CPU = Release|Any CPU
	EndGlobalSection
	GlobalSection(ProjectConfigurationPlatforms) = postSolution
		{C5ABC7F2-FBD2-41AA-9E5C-349D807F82F1}.Debug|Any CPU.ActiveCfg = Debug|Any CPU
		{C5ABC7F2-FBD2-41AA-9E5C-349D807F82F1}.Debug|Any CPU.Build.0 = Debug|Any CPU
		{C5ABC7F2-FBD2-41AA-9E5C-349D807F82F1}.Release|Any CPU.ActiveCfg = Release|Any CPU
		{C5ABC7F2-FBD2-41AA-9E5C-349D807F82F1}.Release|Any CPU.Build.0 = Release|Any CPU
	EndGlobalSection
	GlobalSection(SolutionProperties) = preSolution
		HideSolutionNode = FALSE
	EndGlobalSection
	GlobalSection(ExtensibilityGlobals) = postSolution
		SolutionGuid = {62E41F46-6AC1-4EA5-96FD-201621EB4F32}
	EndGlobalSection
EndGlobal
